{
  "name": "dnd",
  "version": "1.0.0",
  "lockfileVersion": 3,
  "requires": true,
  "packages": {
    "": {
      "name": "dnd",
      "version": "1.0.0",
      "license": "ISC",
      "dependencies": {
        "@prisma/client": "^5.13.0",
        "colors": "^1.4.0",
        "cross-env": "^7.0.3",
        "dotenv": "^16.4.5"
      },
      "devDependencies": {
        "@types/node": "^20.12.11",
        "prisma": "^5.13.0",
        "typescript": "^5.4.5"
      },
      "engines": {
        "node": "20.12.0",
        "npm": "10.5.1"
      }
    },
    "node_modules/@prisma/client": {
      "version": "5.13.0",
      "resolved": "https://registry.npmjs.org/@prisma/client/-/client-5.13.0.tgz",
      "integrity": "sha512-uYdfpPncbZ/syJyiYBwGZS8Gt1PTNoErNYMuqHDa2r30rNSFtgTA/LXsSk55R7pdRTMi5pHkeP9B14K6nHmwkg==",
      "hasInstallScript": true,
      "engines": {
        "node": ">=16.13"
      },
      "peerDependencies": {
        "prisma": "*"
      },
      "peerDependenciesMeta": {
        "prisma": {
          "optional": true
        }
      }
    },
    "node_modules/@prisma/debug": {
      "version": "5.13.0",
      "resolved": "https://registry.npmjs.org/@prisma/debug/-/debug-5.13.0.tgz",
      "integrity": "sha512-699iqlEvzyCj9ETrXhs8o8wQc/eVW+FigSsHpiskSFydhjVuwTJEfj/nIYqTaWFYuxiWQRfm3r01meuW97SZaQ==",
      "devOptional": true
    },
    "node_modules/@prisma/engines": {
      "version": "5.13.0",
      "resolved": "https://registry.npmjs.org/@prisma/engines/-/engines-5.13.0.tgz",
      "integrity": "sha512-hIFLm4H1boj6CBZx55P4xKby9jgDTeDG0Jj3iXtwaaHmlD5JmiDkZhh8+DYWkTGchu+rRF36AVROLnk0oaqhHw==",
      "devOptional": true,
      "hasInstallScript": true,
      "dependencies": {
        "@prisma/debug": "5.13.0",
        "@prisma/engines-version": "5.13.0-23.b9a39a7ee606c28e3455d0fd60e78c3ba82b1a2b",
        "@prisma/fetch-engine": "5.13.0",
        "@prisma/get-platform": "5.13.0"
      }
    },
    "node_modules/@prisma/engines-version": {
      "version": "5.13.0-23.b9a39a7ee606c28e3455d0fd60e78c3ba82b1a2b",
      "resolved": "https://registry.npmjs.org/@prisma/engines-version/-/engines-version-5.13.0-23.b9a39a7ee606c28e3455d0fd60e78c3ba82b1a2b.tgz",
      "integrity": "sha512-AyUuhahTINGn8auyqYdmxsN+qn0mw3eg+uhkp8zwknXYIqoT3bChG4RqNY/nfDkPvzWAPBa9mrDyBeOnWSgO6A==",
      "devOptional": true
    },
    "node_modules/@prisma/fetch-engine": {
      "version": "5.13.0",
      "resolved": "https://registry.npmjs.org/@prisma/fetch-engine/-/fetch-engine-5.13.0.tgz",
      "integrity": "sha512-Yh4W+t6YKyqgcSEB3odBXt7QyVSm0OQlBSldQF2SNXtmOgMX8D7PF/fvH6E6qBCpjB/yeJLy/FfwfFijoHI6sA==",
      "devOptional": true,
      "dependencies": {
        "@prisma/debug": "5.13.0",
        "@prisma/engines-version": "5.13.0-23.b9a39a7ee606c28e3455d0fd60e78c3ba82b1a2b",
        "@prisma/get-platform": "5.13.0"
      }
    },
    "node_modules/@prisma/get-platform": {
      "version": "5.13.0",
      "resolved": "https://registry.npmjs.org/@prisma/get-platform/-/get-platform-5.13.0.tgz",
      "integrity": "sha512-B/WrQwYTzwr7qCLifQzYOmQhZcFmIFhR81xC45gweInSUn2hTEbfKUPd2keAog+y5WI5xLAFNJ3wkXplvSVkSw==",
      "devOptional": true,
      "dependencies": {
        "@prisma/debug": "5.13.0"
      }
    },
    "node_modules/@types/node": {
      "version": "20.12.11",
      "resolved": "https://registry.npmjs.org/@types/node/-/node-20.12.11.tgz",
      "integrity": "sha512-vDg9PZ/zi+Nqp6boSOT7plNuthRugEKixDv5sFTIpkE89MmNtEArAShI4mxuX2+UrLEe9pxC1vm2cjm9YlWbJw==",
      "dev": true,
      "dependencies": {
        "undici-types": "~5.26.4"
      }
    },
    "node_modules/colors": {
      "version": "1.4.0",
      "resolved": "https://registry.npmjs.org/colors/-/colors-1.4.0.tgz",
      "integrity": "sha512-a+UqTh4kgZg/SlGvfbzDHpgRu7AAQOmmqRHJnxhRZICKFUT91brVhNNt58CMWU9PsBbv3PDCZUHbVxuDiH2mtA==",
      "engines": {
        "node": ">=0.1.90"
      }
    },
    "node_modules/cross-env": {
      "version": "7.0.3",
      "resolved": "https://registry.npmjs.org/cross-env/-/cross-env-7.0.3.tgz",
      "integrity": "sha512-+/HKd6EgcQCJGh2PSjZuUitQBQynKor4wrFbRg4DtAgS1aWO+gU52xpH7M9ScGgXSYmAVS9bIJ8EzuaGw0oNAw==",
      "dependencies": {
        "cross-spawn": "^7.0.1"
      },
      "bin": {
        "cross-env": "src/bin/cross-env.js",
        "cross-env-shell": "src/bin/cross-env-shell.js"
      },
      "engines": {
        "node": ">=10.14",
        "npm": ">=6",
        "yarn": ">=1"
      }
    },
    "node_modules/cross-spawn": {
      "version": "7.0.3",
      "resolved": "https://registry.npmjs.org/cross-spawn/-/cross-spawn-7.0.3.tgz",
      "integrity": "sha512-iRDPJKUPVEND7dHPO8rkbOnPpyDygcDFtWjpeWNCgy8WP2rXcxXL8TskReQl6OrB2G7+UJrags1q15Fudc7G6w==",
      "dependencies": {
        "path-key": "^3.1.0",
        "shebang-command": "^2.0.0",
        "which": "^2.0.1"
      },
      "engines": {
        "node": ">= 8"
      }
    },
    "node_modules/dotenv": {
      "version": "16.4.5",
      "resolved": "https://registry.npmjs.org/dotenv/-/dotenv-16.4.5.tgz",
      "integrity": "sha512-ZmdL2rui+eB2YwhsWzjInR8LldtZHGDoQ1ugH85ppHKwpUHL7j7rN0Ti9NCnGiQbhaZ11FpR+7ao1dNsmduNUg==",
      "engines": {
        "node": ">=12"
      },
      "funding": {
        "url": "https://dotenvx.com"
      }
    },
    "node_modules/isexe": {
      "version": "2.0.0",
      "resolved": "https://registry.npmjs.org/isexe/-/isexe-2.0.0.tgz",
      "integrity": "sha512-RHxMLp9lnKHGHRng9QFhRCMbYAcVpn69smSGcq3f36xjgVVWThj4qqLbTLlq7Ssj8B+fIQ1EuCEGI2lKsyQeIw=="
    },
    "node_modules/path-key": {
      "version": "3.1.1",
      "resolved": "https://registry.npmjs.org/path-key/-/path-key-3.1.1.tgz",
      "integrity": "sha512-ojmeN0qd+y0jszEtoY48r0Peq5dwMEkIlCOu6Q5f41lfkswXuKtYrhgoTpLnyIcHm24Uhqx+5Tqm2InSwLhE6Q==",
      "engines": {
        "node": ">=8"
      }
    },
    "node_modules/prisma": {
      "version": "5.13.0",
      "resolved": "https://registry.npmjs.org/prisma/-/prisma-5.13.0.tgz",
      "integrity": "sha512-kGtcJaElNRAdAGsCNykFSZ7dBKpL14Cbs+VaQ8cECxQlRPDjBlMHNFYeYt0SKovAVy2Y65JXQwB3A5+zIQwnTg==",
      "devOptional": true,
      "hasInstallScript": true,
      "dependencies": {
        "@prisma/engines": "5.13.0"
      },
      "bin": {
        "prisma": "build/index.js"
      },
      "engines": {
        "node": ">=16.13"
      }
    },
    "node_modules/shebang-command": {
      "version": "2.0.0",
      "resolved": "https://registry.npmjs.org/shebang-command/-/shebang-command-2.0.0.tgz",
      "integrity": "sha512-kHxr2zZpYtdmrN1qDjrrX/Z1rR1kG8Dx+gkpK1G4eXmvXswmcE1hTWBWYUzlraYw1/yZp6YuDY77YtvbN0dmDA==",
      "dependencies": {
        "shebang-regex": "^3.0.0"
      },
      "engines": {
        "node": ">=8"
      }
    },
    "node_modules/shebang-regex": {
      "version": "3.0.0",
      "resolved": "https://registry.npmjs.org/shebang-regex/-/shebang-regex-3.0.0.tgz",
      "integrity": "sha512-7++dFhtcx3353uBaq8DDR4NuxBetBzC7ZQOhmTQInHEd6bSrXdiEyzCvG07Z44UYdLShWUyXt5M/yhz8ekcb1A==",
      "engines": {
        "node": ">=8"
      }
    },
    "node_modules/typescript": {
      "version": "5.4.5",
      "resolved": "https://registry.npmjs.org/typescript/-/typescript-5.4.5.tgz",
      "integrity": "sha512-vcI4UpRgg81oIRUFwR0WSIHKt11nJ7SAVlYNIu+QpqeyXP+gpQJy/Z4+F0aGxSE4MqwjyXvW/TzgkLAx2AGHwQ==",
      "dev": true,
      "bin": {
        "tsc": "bin/tsc",
        "tsserver": "bin/tsserver"
      },
      "engines": {
        "node": ">=14.17"
      }
    },
    "node_modules/undici-types": {
      "version": "5.26.5",
      "resolved": "https://registry.npmjs.org/undici-types/-/undici-types-5.26.5.tgz",
      "integrity": "sha512-JlCMO+ehdEIKqlFxk6IfVoAUVmgz7cU7zD/h9XZ0qzeosSHmUJVOzSQvvYSYWXkFXC+IfLKSIffhv0sVZup6pA==",
      "dev": true
    },
    "node_modules/which": {
      "version": "2.0.2",
      "resolved": "https://registry.npmjs.org/which/-/which-2.0.2.tgz",
      "integrity": "sha512-BLI3Tl1TW3Pvl70l3yq3Y64i+awpwXqsGBYWkkqMtnbXgrMD+yj7rhW0kuEDxzJaYXGjEW5ogapKNMEKNMjibA==",
      "dependencies": {
        "isexe": "^2.0.0"
      },
      "bin": {
        "node-which": "bin/node-which"
      },
      "engines": {
        "node": ">= 8"
      }
    }
  }
}
